// !$*UTF8*$!
{
	archiveVersion = 1;
	classes = {
	};
	objectVersion = 46;
	objects = {

/* Begin PBXBuildFile section */
		D09BBBA715B6F9D100B3F36C /* UIKit.framework in Frameworks */ = {isa = PBXBuildFile; fileRef = D09BBBA615B6F9D100B3F36C /* UIKit.framework */; };
		D09BBBA915B6F9D100B3F36C /* Foundation.framework in Frameworks */ = {isa = PBXBuildFile; fileRef = D09BBBA815B6F9D100B3F36C /* Foundation.framework */; };
		D09BBBAB15B6F9D100B3F36C /* CoreGraphics.framework in Frameworks */ = {isa = PBXBuildFile; fileRef = D09BBBAA15B6F9D100B3F36C /* CoreGraphics.framework */; };
		D09BBBB115B6F9D100B3F36C /* InfoPlist.strings in Resources */ = {isa = PBXBuildFile; fileRef = D09BBBAF15B6F9D100B3F36C /* InfoPlist.strings */; };
		D09BBBB315B6F9D100B3F36C /* main.m in Sources */ = {isa = PBXBuildFile; fileRef = D09BBBB215B6F9D100B3F36C /* main.m */; };
		D09BBBB715B6F9D100B3F36C /* YTFAppDelegate.m in Sources */ = {isa = PBXBuildFile; fileRef = D09BBBB615B6F9D100B3F36C /* YTFAppDelegate.m */; };
		D09BBBBA15B6F9D100B3F36C /* YTFViewController.m in Sources */ = {isa = PBXBuildFile; fileRef = D09BBBB915B6F9D100B3F36C /* YTFViewController.m */; };
		D09BBBBD15B6F9D100B3F36C /* YTFViewController.xib in Resources */ = {isa = PBXBuildFile; fileRef = D09BBBBB15B6F9D100B3F36C /* YTFViewController.xib */; };
		D09BBBC615B6FA5800B3F36C /* YTFPlaceholderTableView.m in Sources */ = {isa = PBXBuildFile; fileRef = D09BBBC515B6FA5800B3F36C /* YTFPlaceholderTableView.m */; };
		D09BBBC815B6FAD200B3F36C /* QuartzCore.framework in Frameworks */ = {isa = PBXBuildFile; fileRef = D09BBBC715B6FAD200B3F36C /* QuartzCore.framework */; };
/* End PBXBuildFile section */

/* Begin PBXFileReference section */
		D09BBBA215B6F9D100B3F36C /* YTFPlaceholderTableViewExample.app */ = {isa = PBXFileReference; explicitFileType = wrapper.application; includeInIndex = 0; path = YTFPlaceholderTableViewExample.app; sourceTree = BUILT_PRODUCTS_DIR; };
		D09BBBA615B6F9D100B3F36C /* UIKit.framework */ = {isa = PBXFileReference; lastKnownFileType = wrapper.framework; name = UIKit.framework; path = System/Library/Frameworks/UIKit.framework; sourceTree = SDKROOT; };
		D09BBBA815B6F9D100B3F36C /* Foundation.framework */ = {isa = PBXFileReference; lastKnownFileType = wrapper.framework; name = Foundation.framework; path = System/Library/Frameworks/Foundation.framework; sourceTree = SDKROOT; };
		D09BBBAA15B6F9D100B3F36C /* CoreGraphics.framework */ = {isa = PBXFileReference; lastKnownFileType = wrapper.framework; name = CoreGraphics.framework; path = System/Library/Frameworks/CoreGraphics.framework; sourceTree = SDKROOT; };
		D09BBBAE15B6F9D100B3F36C /* YTFPlaceholderTableViewExample-Info.plist */ = {isa = PBXFileReference; lastKnownFileType = text.plist.xml; path = "YTFPlaceholderTableViewExample-Info.plist"; sourceTree = "<group>"; };
		D09BBBB015B6F9D100B3F36C /* en */ = {isa = PBXFileReference; lastKnownFileType = text.plist.strings; name = en; path = en.lproj/InfoPlist.strings; sourceTree = "<group>"; };
		D09BBBB215B6F9D100B3F36C /* main.m */ = {isa = PBXFileReference; lastKnownFileType = sourcecode.c.objc; path = main.m; sourceTree = "<group>"; };
		D09BBBB415B6F9D100B3F36C /* YTFPlaceholderTableViewExample-Prefix.pch */ = {isa = PBXFileReference; lastKnownFileType = sourcecode.c.h; path = "YTFPlaceholderTableViewExample-Prefix.pch"; sourceTree = "<group>"; };
		D09BBBB515B6F9D100B3F36C /* YTFAppDelegate.h */ = {isa = PBXFileReference; lastKnownFileType = sourcecode.c.h; path = YTFAppDelegate.h; sourceTree = "<group>"; };
		D09BBBB615B6F9D100B3F36C /* YTFAppDelegate.m */ = {isa = PBXFileReference; lastKnownFileType = sourcecode.c.objc; path = YTFAppDelegate.m; sourceTree = "<group>"; };
		D09BBBB815B6F9D100B3F36C /* YTFViewController.h */ = {isa = PBXFileReference; lastKnownFileType = sourcecode.c.h; path = YTFViewController.h; sourceTree = "<group>"; };
		D09BBBB915B6F9D100B3F36C /* YTFViewController.m */ = {isa = PBXFileReference; lastKnownFileType = sourcecode.c.objc; path = YTFViewController.m; sourceTree = "<group>"; };
		D09BBBBC15B6F9D100B3F36C /* en */ = {isa = PBXFileReference; lastKnownFileType = file.xib; name = en; path = en.lproj/YTFViewController.xib; sourceTree = "<group>"; };
		D09BBBC415B6FA5800B3F36C /* YTFPlaceholderTableView.h */ = {isa = PBXFileReference; fileEncoding = 4; lastKnownFileType = sourcecode.c.h; path = YTFPlaceholderTableView.h; sourceTree = "<group>"; };
		D09BBBC515B6FA5800B3F36C /* YTFPlaceholderTableView.m */ = {isa = PBXFileReference; fileEncoding = 4; lastKnownFileType = sourcecode.c.objc; path = YTFPlaceholderTableView.m; sourceTree = "<group>"; };
		D09BBBC715B6FAD200B3F36C /* QuartzCore.framework */ = {isa = PBXFileReference; lastKnownFileType = wrapper.framework; name = QuartzCore.framework; path = System/Library/Frameworks/QuartzCore.framework; sourceTree = SDKROOT; };
/* End PBXFileReference section */

/* Begin PBXFrameworksBuildPhase section */
		D09BBB9F15B6F9D100B3F36C /* Frameworks */ = {
			isa = PBXFrameworksBuildPhase;
			buildActionMask = 2147483647;
			files = (
				D09BBBC815B6FAD200B3F36C /* QuartzCore.framework in Frameworks */,
				D09BBBA715B6F9D100B3F36C /* UIKit.framework in Frameworks */,
				D09BBBA915B6F9D100B3F36C /* Foundation.framework in Frameworks */,
				D09BBBAB15B6F9D100B3F36C /* CoreGraphics.framework in Frameworks */,
			);
			runOnlyForDeploymentPostprocessing = 0;
		};
/* End PBXFrameworksBuildPhase section */

/* Begin PBXGroup section */
		D09BBB9715B6F9D100B3F36C = {
			isa = PBXGroup;
			children = (
				D09BBBC315B6FA5800B3F36C /* YTFPlaceholderTableView */,
				D09BBBAC15B6F9D100B3F36C /* YTFPlaceholderTableViewExample */,
				D09BBBA515B6F9D100B3F36C /* Frameworks */,
				D09BBBA315B6F9D100B3F36C /* Products */,
			);
			sourceTree = "<group>";
		};
		D09BBBA315B6F9D100B3F36C /* Products */ = {
			isa = PBXGroup;
			children = (
				D09BBBA215B6F9D100B3F36C /* YTFPlaceholderTableViewExample.app */,
			);
			name = Products;
			sourceTree = "<group>";
		};
		D09BBBA515B6F9D100B3F36C /* Frameworks */ = {
			isa = PBXGroup;
			children = (
				D09BBBC715B6FAD200B3F36C /* QuartzCore.framework */,
				D09BBBA615B6F9D100B3F36C /* UIKit.framework */,
				D09BBBA815B6F9D100B3F36C /* Foundation.framework */,
				D09BBBAA15B6F9D100B3F36C /* CoreGraphics.framework */,
			);
			name = Frameworks;
			sourceTree = "<group>";
		};
		D09BBBAC15B6F9D100B3F36C /* YTFPlaceholderTableViewExample */ = {
			isa = PBXGroup;
			children = (
				D09BBBB515B6F9D100B3F36C /* YTFAppDelegate.h */,
				D09BBBB615B6F9D100B3F36C /* YTFAppDelegate.m */,
				D09BBBB815B6F9D100B3F36C /* YTFViewController.h */,
				D09BBBB915B6F9D100B3F36C /* YTFViewController.m */,
				D09BBBBB15B6F9D100B3F36C /* YTFViewController.xib */,
				D09BBBAD15B6F9D100B3F36C /* Supporting Files */,
			);
			path = YTFPlaceholderTableViewExample;
			sourceTree = "<group>";
		};
		D09BBBAD15B6F9D100B3F36C /* Supporting Files */ = {
			isa = PBXGroup;
			children = (
				D09BBBAE15B6F9D100B3F36C /* YTFPlaceholderTableViewExample-Info.plist */,
				D09BBBAF15B6F9D100B3F36C /* InfoPlist.strings */,
				D09BBBB215B6F9D100B3F36C /* main.m */,
				D09BBBB415B6F9D100B3F36C /* YTFPlaceholderTableViewExample-Prefix.pch */,
			);
			name = "Supporting Files";
			sourceTree = "<group>";
		};
		D09BBBC315B6FA5800B3F36C /* YTFPlaceholderTableView */ = {
			isa = PBXGroup;
			children = (
				D09BBBC415B6FA5800B3F36C /* YTFPlaceholderTableView.h */,
				D09BBBC515B6FA5800B3F36C /* YTFPlaceholderTableView.m */,
			);
			name = YTFPlaceholderTableView;
			path = ../YTFPlaceholderTableView;
			sourceTree = "<group>";
		};
/* End PBXGroup section */

/* Begin PBXNativeTarget section */
		D09BBBA115B6F9D100B3F36C /* YTFPlaceholderTableViewExample */ = {
			isa = PBXNativeTarget;
			buildConfigurationList = D09BBBC015B6F9D100B3F36C /* Build configuration list for PBXNativeTarget "YTFPlaceholderTableViewExample" */;
			buildPhases = (
				D09BBB9E15B6F9D100B3F36C /* Sources */,
				D09BBB9F15B6F9D100B3F36C /* Frameworks */,
				D09BBBA015B6F9D100B3F36C /* Resources */,
			);
			buildRules = (
			);
			dependencies = (
			);
			name = YTFPlaceholderTableViewExample;
			productName = YTFPlaceholderTableViewExample;
			productReference = D09BBBA215B6F9D100B3F36C /* YTFPlaceholderTableViewExample.app */;
			productType = "com.apple.product-type.application";
		};
/* End PBXNativeTarget section */

/* Begin PBXProject section */
		D09BBB9915B6F9D100B3F36C /* Project object */ = {
			isa = PBXProject;
			attributes = {
				CLASSPREFIX = YTF;
				LastUpgradeCheck = 0430;
			};
			buildConfigurationList = D09BBB9C15B6F9D100B3F36C /* Build configuration list for PBXProject "YTFPlaceholderTableViewExample" */;
			compatibilityVersion = "Xcode 3.2";
			developmentRegion = English;
			hasScannedForEncodings = 0;
			knownRegions = (
				en,
			);
			mainGroup = D09BBB9715B6F9D100B3F36C;
			productRefGroup = D09BBBA315B6F9D100B3F36C /* Products */;
			projectDirPath = "";
			projectRoot = "";
			targets = (
				D09BBBA115B6F9D100B3F36C /* YTFPlaceholderTableViewExample */,
			);
		};
/* End PBXProject section */

/* Begin PBXResourcesBuildPhase section */
		D09BBBA015B6F9D100B3F36C /* Resources */ = {
			isa = PBXResourcesBuildPhase;
			buildActionMask = 2147483647;
			files = (
				D09BBBB115B6F9D100B3F36C /* InfoPlist.strings in Resources */,
				D09BBBBD15B6F9D100B3F36C /* YTFViewController.xib in Resources */,
			);
			runOnlyForDeploymentPostprocessing = 0;
		};
/* End PBXResourcesBuildPhase section */

/* Begin PBXSourcesBuildPhase section */
		D09BBB9E15B6F9D100B3F36C /* Sources */ = {
			isa = PBXSourcesBuildPhase;
			buildActionMask = 2147483647;
			files = (
				D09BBBB315B6F9D100B3F36C /* main.m in Sources */,
				D09BBBB715B6F9D100B3F36C /* YTFAppDelegate.m in Sources */,
				D09BBBBA15B6F9D100B3F36C /* YTFViewController.m in Sources */,
				D09BBBC615B6FA5800B3F36C /* YTFPlaceholderTableView.m in Sources */,
			);
			runOnlyForDeploymentPostprocessing = 0;
		};
/* End PBXSourcesBuildPhase section */

/* Begin PBXVariantGroup section */
		D09BBBAF15B6F9D100B3F36C /* InfoPlist.strings */ = {
			isa = PBXVariantGroup;
			children = (
				D09BBBB015B6F9D100B3F36C /* en */,
			);
			name = InfoPlist.strings;
			sourceTree = "<group>";
		};
		D09BBBBB15B6F9D100B3F36C /* YTFViewController.xib */ = {
			isa = PBXVariantGroup;
			children = (
				D09BBBBC15B6F9D100B3F36C /* en */,
			);
			name = YTFViewController.xib;
			sourceTree = "<group>";
		};
/* End PBXVariantGroup section */

/* Begin XCBuildConfiguration section */
		D09BBBBE15B6F9D100B3F36C /* Debug */ = {
			isa = XCBuildConfiguration;
			buildSettings = {
				ALWAYS_SEARCH_USER_PATHS = NO;
				ARCHS = "$(ARCHS_STANDARD_32_BIT)";
				"CODE_SIGN_IDENTITY[sdk=iphoneos*]" = "iPhone Developer";
				COPY_PHASE_STRIP = NO;
				GCC_C_LANGUAGE_STANDARD = gnu99;
				GCC_DYNAMIC_NO_PIC = NO;
				GCC_OPTIMIZATION_LEVEL = 0;
				GCC_PREPROCESSOR_DEFINITIONS = (
					"DEBUG=1",
					"$(inherited)",
				);
				GCC_SYMBOLS_PRIVATE_EXTERN = NO;
				GCC_VERSION = com.apple.compilers.llvm.clang.1_0;
				GCC_WARN_ABOUT_RETURN_TYPE = YES;
				GCC_WARN_UNINITIALIZED_AUTOS = YES;
				GCC_WARN_UNUSED_VARIABLE = YES;
				IPHONEOS_DEPLOYMENT_TARGET = 5.1;
				SDKROOT = iphoneos;
			};
			name = Debug;
		};
		D09BBBBF15B6F9D100B3F36C /* Release */ = {
			isa = XCBuildConfiguration;
			buildSettings = {
				ALWAYS_SEARCH_USER_PATHS = NO;
				ARCHS = "$(ARCHS_STANDARD_32_BIT)";
				"CODE_SIGN_IDENTITY[sdk=iphoneos*]" = "iPhone Developer";
				COPY_PHASE_STRIP = YES;
				GCC_C_LANGUAGE_STANDARD = gnu99;
				GCC_VERSION = com.apple.compilers.llvm.clang.1_0;
				GCC_WARN_ABOUT_RETURN_TYPE = YES;
				GCC_WARN_UNINITIALIZED_AUTOS = YES;
				GCC_WARN_UNUSED_VARIABLE = YES;
				IPHONEOS_DEPLOYMENT_TARGET = 5.1;
				OTHER_CFLAGS = "-DNS_BLOCK_ASSERTIONS=1";
				SDKROOT = iphoneos;
				VALIDATE_PRODUCT = YES;
			};
			name = Release;
		};
		D09BBBC115B6F9D100B3F36C /* Debug */ = {
			isa = XCBuildConfiguration;
			buildSettings = {
				GCC_PRECOMPILE_PREFIX_HEADER = YES;
				GCC_PREFIX_HEADER = "YTFPlaceholderTableViewExample/YTFPlaceholderTableViewExample-Prefix.pch";
				INFOPLIST_FILE = "YTFPlaceholderTableViewExample/YTFPlaceholderTableViewExample-Info.plist";
				PRODUCT_NAME = "$(TARGET_NAME)";
				WRAPPER_EXTENSION = app;
			};
			name = Debug;
		};
		D09BBBC215B6F9D100B3F36C /* Release */ = {
			isa = XCBuildConfiguration;
			buildSettings = {
				GCC_PRECOMPILE_PREFIX_HEADER = YES;
				GCC_PREFIX_HEADER = "YTFPlaceholderTableViewExample/YTFPlaceholderTableViewExample-Prefix.pch";
				INFOPLIST_FILE = "YTFPlaceholderTableViewExample/YTFPlaceholderTableViewExample-Info.plist";
				PRODUCT_NAME = "$(TARGET_NAME)";
				WRAPPER_EXTENSION = app;
			};
			name = Release;
		};
/* End XCBuildConfiguration section */

/* Begin XCConfigurationList section */
		D09BBB9C15B6F9D100B3F36C /* Build configuration list for PBXProject "YTFPlaceholderTableViewExample" */ = {
			isa = XCConfigurationList;
			buildConfigurations = (
				D09BBBBE15B6F9D100B3F36C /* Debug */,
				D09BBBBF15B6F9D100B3F36C /* Release */,
			);
			defaultConfigurationIsVisible = 0;
			defaultConfigurationName = Release;
		};
		D09BBBC015B6F9D100B3F36C /* Build configuration list for PBXNativeTarget "YTFPlaceholderTableViewExample" */ = {
			isa = XCConfigurationList;
			buildConfigurations = (
				D09BBBC115B6F9D100B3F36C /* Debug */,
				D09BBBC215B6F9D100B3F36C /* Release */,
			);
			defaultConfigurationIsVisible = 0;
		};
/* End XCConfigurationList section */
	};
	rootObject = D09BBB9915B6F9D100B3F36C /* Project object */;
}
